
Microsoft Visual Studio Solution File, Format Version 12.00
# Visual Studio 2012
Project("{FAE04EC0-301F-11D3-BF4B-00C04F79EFBC}") = "UserRegistration", "UserRegistration\UserRegistration.csproj", "{DC0B796C-FB5B-40BA-AAEC-C5F746A02AFF}"
EndProject
Global
	GlobalSection(SolutionConfigurationPlatforms) = preSolution
		Debug|Any CPU = Debug|Any CPU
		Release|Any CPU = Release|Any CPU
	EndGlobalSection
	GlobalSection(ProjectConfigurationPlatforms) = postSolution
		{DC0B796C-FB5B-40BA-AAEC-C5F746A02AFF}.Debug|Any CPU.ActiveCfg = Debug|Any CPU
		{DC0B796C-FB5B-40BA-AAEC-C5F746A02AFF}.Debug|Any CPU.Build.0 = Debug|Any CPU
		{DC0B796C-FB5B-40BA-AAEC-C5F746A02AFF}.Release|Any CPU.ActiveCfg = Release|Any CPU
		{DC0B796C-FB5B-40BA-AAEC-C5F746A02AFF}.Release|Any CPU.Build.0 = Release|Any CPU
	EndGlobalSection
	GlobalSection(SolutionProperties) = preSolution
		HideSolutionNode = FALSE
	EndGlobalSection
EndGlobal
